// !$*UTF8*$!
{
	archiveVersion = 1;
	classes = {
	};
	objectVersion = 46;
	objects = {

/* Begin PBXBuildFile section */
		AE30E95B1E93A8460033FF36 /* AppDelegate.swift in Sources */ = {isa = PBXBuildFile; fileRef = AE30E95A1E93A8460033FF36 /* AppDelegate.swift */; };
		AE30E95D1E93A8460033FF36 /* ViewController.swift in Sources */ = {isa = PBXBuildFile; fileRef = AE30E95C1E93A8460033FF36 /* ViewController.swift */; };
		AE30E9601E93A8460033FF36 /* Main.storyboard in Resources */ = {isa = PBXBuildFile; fileRef = AE30E95E1E93A8460033FF36 /* Main.storyboard */; };
		AE30E9621E93A8460033FF36 /* Assets.xcassets in Resources */ = {isa = PBXBuildFile; fileRef = AE30E9611E93A8460033FF36 /* Assets.xcassets */; };
		AE30E9651E93A8460033FF36 /* LaunchScreen.storyboard in Resources */ = {isa = PBXBuildFile; fileRef = AE30E9631E93A8460033FF36 /* LaunchScreen.storyboard */; };
		AE4CD2DB1E948B7F00D1EC1E /* APIManager.swift in Sources */ = {isa = PBXBuildFile; fileRef = AE4CD2DA1E948B7F00D1EC1E /* APIManager.swift */; };
		AE4CD2DD1E94973E00D1EC1E /* Artist.swift in Sources */ = {isa = PBXBuildFile; fileRef = AE4CD2DC1E94973E00D1EC1E /* Artist.swift */; };
		AE4CD2DF1E94D52500D1EC1E /* TableViewCell.swift in Sources */ = {isa = PBXBuildFile; fileRef = AE4CD2DE1E94D52500D1EC1E /* TableViewCell.swift */; };
		AE6D1A8E1E9B443000711064 /* ListArtist.swift in Sources */ = {isa = PBXBuildFile; fileRef = AE6D1A8D1E9B443000711064 /* ListArtist.swift */; };
		AE6D1A901E9C95D800711064 /* List_Kiyaku_Artist.swift in Sources */ = {isa = PBXBuildFile; fileRef = AE6D1A8F1E9C95D700711064 /* List_Kiyaku_Artist.swift */; };
		AE6D1A921E9C96DD00711064 /* Kiyaku_Artist.swift in Sources */ = {isa = PBXBuildFile; fileRef = AE6D1A911E9C96DD00711064 /* Kiyaku_Artist.swift */; };
		AE6D1A941E9C996E00711064 /* Kiyaku.swift in Sources */ = {isa = PBXBuildFile; fileRef = AE6D1A931E9C996E00711064 /* Kiyaku.swift */; };
		AE6D1A961E9C99E000711064 /* List_Kiyaku.swift in Sources */ = {isa = PBXBuildFile; fileRef = AE6D1A951E9C99E000711064 /* List_Kiyaku.swift */; };
		C07B82A42AE87620659D7C5C /* Pods_parseJson.framework in Frameworks */ = {isa = PBXBuildFile; fileRef = 461A7DB4D420E71DC1CCD745 /* Pods_parseJson.framework */; };
/* End PBXBuildFile section */

/* Begin PBXFileReference section */
		461A7DB4D420E71DC1CCD745 /* Pods_parseJson.framework */ = {isa = PBXFileReference; explicitFileType = wrapper.framework; includeInIndex = 0; path = Pods_parseJson.framework; sourceTree = BUILT_PRODUCTS_DIR; };
		AE30E9571E93A8460033FF36 /* parseJson.app */ = {isa = PBXFileReference; explicitFileType = wrapper.application; includeInIndex = 0; path = parseJson.app; sourceTree = BUILT_PRODUCTS_DIR; };
		AE30E95A1E93A8460033FF36 /* AppDelegate.swift */ = {isa = PBXFileReference; lastKnownFileType = sourcecode.swift; path = AppDelegate.swift; sourceTree = "<group>"; };
		AE30E95C1E93A8460033FF36 /* ViewController.swift */ = {isa = PBXFileReference; lastKnownFileType = sourcecode.swift; path = ViewController.swift; sourceTree = "<group>"; };
		AE30E95F1E93A8460033FF36 /* Base */ = {isa = PBXFileReference; lastKnownFileType = file.storyboard; name = Base; path = Base.lproj/Main.storyboard; sourceTree = "<group>"; };
		AE30E9611E93A8460033FF36 /* Assets.xcassets */ = {isa = PBXFileReference; lastKnownFileType = folder.assetcatalog; path = Assets.xcassets; sourceTree = "<group>"; };
		AE30E9641E93A8460033FF36 /* Base */ = {isa = PBXFileReference; lastKnownFileType = file.storyboard; name = Base; path = Base.lproj/LaunchScreen.storyboard; sourceTree = "<group>"; };
		AE30E9661E93A8460033FF36 /* Info.plist */ = {isa = PBXFileReference; lastKnownFileType = text.plist.xml; path = Info.plist; sourceTree = "<group>"; };
		AE4CD2DA1E948B7F00D1EC1E /* APIManager.swift */ = {isa = PBXFileReference; fileEncoding = 4; lastKnownFileType = sourcecode.swift; path = APIManager.swift; sourceTree = "<group>"; };
		AE4CD2DC1E94973E00D1EC1E /* Artist.swift */ = {isa = PBXFileReference; fileEncoding = 4; lastKnownFileType = sourcecode.swift; path = Artist.swift; sourceTree = "<group>"; };
		AE4CD2DE1E94D52500D1EC1E /* TableViewCell.swift */ = {isa = PBXFileReference; fileEncoding = 4; lastKnownFileType = sourcecode.swift; path = TableViewCell.swift; sourceTree = "<group>"; };
		AE6D1A8D1E9B443000711064 /* ListArtist.swift */ = {isa = PBXFileReference; fileEncoding = 4; lastKnownFileType = sourcecode.swift; path = ListArtist.swift; sourceTree = "<group>"; };
		AE6D1A8F1E9C95D700711064 /* List_Kiyaku_Artist.swift */ = {isa = PBXFileReference; fileEncoding = 4; lastKnownFileType = sourcecode.swift; path = List_Kiyaku_Artist.swift; sourceTree = "<group>"; };
		AE6D1A911E9C96DD00711064 /* Kiyaku_Artist.swift */ = {isa = PBXFileReference; fileEncoding = 4; lastKnownFileType = sourcecode.swift; path = Kiyaku_Artist.swift; sourceTree = "<group>"; };
		AE6D1A931E9C996E00711064 /* Kiyaku.swift */ = {isa = PBXFileReference; fileEncoding = 4; lastKnownFileType = sourcecode.swift; path = Kiyaku.swift; sourceTree = "<group>"; };
		AE6D1A951E9C99E000711064 /* List_Kiyaku.swift */ = {isa = PBXFileReference; fileEncoding = 4; lastKnownFileType = sourcecode.swift; path = List_Kiyaku.swift; sourceTree = "<group>"; };
		B13907BE2942AA3FC08F2518 /* Pods-parseJson.release.xcconfig */ = {isa = PBXFileReference; includeInIndex = 1; lastKnownFileType = text.xcconfig; name = "Pods-parseJson.release.xcconfig"; path = "Pods/Target Support Files/Pods-parseJson/Pods-parseJson.release.xcconfig"; sourceTree = "<group>"; };
		C215DAE8AF08A526DCEE5E76 /* Pods-parseJson.debug.xcconfig */ = {isa = PBXFileReference; includeInIndex = 1; lastKnownFileType = text.xcconfig; name = "Pods-parseJson.debug.xcconfig"; path = "Pods/Target Support Files/Pods-parseJson/Pods-parseJson.debug.xcconfig"; sourceTree = "<group>"; };
/* End PBXFileReference section */

/* Begin PBXFrameworksBuildPhase section */
		AE30E9541E93A8460033FF36 /* Frameworks */ = {
			isa = PBXFrameworksBuildPhase;
			buildActionMask = 2147483647;
			files = (
				C07B82A42AE87620659D7C5C /* Pods_parseJson.framework in Frameworks */,
			);
			runOnlyForDeploymentPostprocessing = 0;
		};
/* End PBXFrameworksBuildPhase section */

/* Begin PBXGroup section */
		2BE20A0D414E08F1A55C1049 /* Pods */ = {
			isa = PBXGroup;
			children = (
				C215DAE8AF08A526DCEE5E76 /* Pods-parseJson.debug.xcconfig */,
				B13907BE2942AA3FC08F2518 /* Pods-parseJson.release.xcconfig */,
			);
			name = Pods;
			sourceTree = "<group>";
		};
		377C14F4ECF84661017EE652 /* Frameworks */ = {
			isa = PBXGroup;
			children = (
				461A7DB4D420E71DC1CCD745 /* Pods_parseJson.framework */,
			);
			name = Frameworks;
			sourceTree = "<group>";
		};
		AE30E94E1E93A8460033FF36 = {
			isa = PBXGroup;
			children = (
				AE30E9591E93A8460033FF36 /* parseJson */,
				AE30E9581E93A8460033FF36 /* Products */,
				2BE20A0D414E08F1A55C1049 /* Pods */,
				377C14F4ECF84661017EE652 /* Frameworks */,
			);
			sourceTree = "<group>";
		};
		AE30E9581E93A8460033FF36 /* Products */ = {
			isa = PBXGroup;
			children = (
				AE30E9571E93A8460033FF36 /* parseJson.app */,
			);
			name = Products;
			sourceTree = "<group>";
		};
		AE30E9591E93A8460033FF36 /* parseJson */ = {
			isa = PBXGroup;
			children = (
				AE4CD2D91E948B5900D1EC1E /* Manager */,
				AE4CD2D81E9487E100D1EC1E /* Controller */,
				AE4CD2D71E9487DB00D1EC1E /* View */,
				AE4CD2D61E9487D400D1EC1E /* Model */,
				AE30E95A1E93A8460033FF36 /* AppDelegate.swift */,
				AE30E95C1E93A8460033FF36 /* ViewController.swift */,
				AE30E95E1E93A8460033FF36 /* Main.storyboard */,
				AE30E9611E93A8460033FF36 /* Assets.xcassets */,
				AE30E9631E93A8460033FF36 /* LaunchScreen.storyboard */,
				AE30E9661E93A8460033FF36 /* Info.plist */,
			);
			path = parseJson;
			sourceTree = "<group>";
		};
		AE4CD2D61E9487D400D1EC1E /* Model */ = {
			isa = PBXGroup;
			children = (
				AE4CD2DC1E94973E00D1EC1E /* Artist.swift */,
				AE6D1A8D1E9B443000711064 /* ListArtist.swift */,
				AE6D1A8F1E9C95D700711064 /* List_Kiyaku_Artist.swift */,
				AE6D1A911E9C96DD00711064 /* Kiyaku_Artist.swift */,
				AE6D1A931E9C996E00711064 /* Kiyaku.swift */,
				AE6D1A951E9C99E000711064 /* List_Kiyaku.swift */,
			);
			name = Model;
			sourceTree = "<group>";
		};
		AE4CD2D71E9487DB00D1EC1E /* View */ = {
			isa = PBXGroup;
			children = (
				AE4CD2DE1E94D52500D1EC1E /* TableViewCell.swift */,
			);
			name = View;
			sourceTree = "<group>";
		};
		AE4CD2D81E9487E100D1EC1E /* Controller */ = {
			isa = PBXGroup;
			children = (
			);
			name = Controller;
			sourceTree = "<group>";
		};
		AE4CD2D91E948B5900D1EC1E /* Manager */ = {
			isa = PBXGroup;
			children = (
				AE4CD2DA1E948B7F00D1EC1E /* APIManager.swift */,
			);
			name = Manager;
			sourceTree = "<group>";
		};
/* End PBXGroup section */

/* Begin PBXNativeTarget section */
		AE30E9561E93A8460033FF36 /* parseJson */ = {
			isa = PBXNativeTarget;
			buildConfigurationList = AE30E9691E93A8460033FF36 /* Build configuration list for PBXNativeTarget "parseJson" */;
			buildPhases = (
				7B84846B95B4A133C61364F3 /* [CP] Check Pods Manifest.lock */,
				AE30E9531E93A8460033FF36 /* Sources */,
				AE30E9541E93A8460033FF36 /* Frameworks */,
				AE30E9551E93A8460033FF36 /* Resources */,
				13BDBC2CCE01ACA22E895E70 /* [CP] Embed Pods Frameworks */,
				C7B7DAAEEAE6DF66F8BA3316 /* [CP] Copy Pods Resources */,
			);
			buildRules = (
			);
			dependencies = (
			);
			name = parseJson;
			productName = parseJson;
			productReference = AE30E9571E93A8460033FF36 /* parseJson.app */;
			productType = "com.apple.product-type.application";
		};
/* End PBXNativeTarget section */

/* Begin PBXProject section */
		AE30E94F1E93A8460033FF36 /* Project object */ = {
			isa = PBXProject;
			attributes = {
				LastSwiftUpdateCheck = 0830;
				LastUpgradeCheck = 0830;
				ORGANIZATIONNAME = "Rea Won Kim";
				TargetAttributes = {
					AE30E9561E93A8460033FF36 = {
						CreatedOnToolsVersion = 8.3;
						DevelopmentTeam = 5JR82ZDZUZ;
						ProvisioningStyle = Automatic;
					};
				};
			};
			buildConfigurationList = AE30E9521E93A8460033FF36 /* Build configuration list for PBXProject "parseJson" */;
			compatibilityVersion = "Xcode 3.2";
			developmentRegion = English;
			hasScannedForEncodings = 0;
			knownRegions = (
				en,
				Base,
			);
			mainGroup = AE30E94E1E93A8460033FF36;
			productRefGroup = AE30E9581E93A8460033FF36 /* Products */;
			projectDirPath = "";
			projectRoot = "";
			targets = (
				AE30E9561E93A8460033FF36 /* parseJson */,
			);
		};
/* End PBXProject section */

/* Begin PBXResourcesBuildPhase section */
		AE30E9551E93A8460033FF36 /* Resources */ = {
			isa = PBXResourcesBuildPhase;
			buildActionMask = 2147483647;
			files = (
				AE30E9651E93A8460033FF36 /* LaunchScreen.storyboard in Resources */,
				AE30E9621E93A8460033FF36 /* Assets.xcassets in Resources */,
				AE30E9601E93A8460033FF36 /* Main.storyboard in Resources */,
			);
			runOnlyForDeploymentPostprocessing = 0;
		};
/* End PBXResourcesBuildPhase section */

/* Begin PBXShellScriptBuildPhase section */
		13BDBC2CCE01ACA22E895E70 /* [CP] Embed Pods Frameworks */ = {
			isa = PBXShellScriptBuildPhase;
			buildActionMask = 2147483647;
			files = (
			);
			inputPaths = (
			);
			name = "[CP] Embed Pods Frameworks";
			outputPaths = (
			);
			runOnlyForDeploymentPostprocessing = 0;
			shellPath = /bin/sh;
			shellScript = "\"${SRCROOT}/Pods/Target Support Files/Pods-parseJson/Pods-parseJson-frameworks.sh\"\n";
			showEnvVarsInLog = 0;
		};
		7B84846B95B4A133C61364F3 /* [CP] Check Pods Manifest.lock */ = {
			isa = PBXShellScriptBuildPhase;
			buildActionMask = 2147483647;
			files = (
			);
			inputPaths = (
			);
			name = "[CP] Check Pods Manifest.lock";
			outputPaths = (
			);
			runOnlyForDeploymentPostprocessing = 0;
			shellPath = /bin/sh;
			shellScript = "diff \"${PODS_ROOT}/../Podfile.lock\" \"${PODS_ROOT}/Manifest.lock\" > /dev/null\nif [ $? != 0 ] ; then\n    # print error to STDERR\n    echo \"error: The sandbox is not in sync with the Podfile.lock. Run 'pod install' or update your CocoaPods installation.\" >&2\n    exit 1\nfi\n";
			showEnvVarsInLog = 0;
		};
		C7B7DAAEEAE6DF66F8BA3316 /* [CP] Copy Pods Resources */ = {
			isa = PBXShellScriptBuildPhase;
			buildActionMask = 2147483647;
			files = (
			);
			inputPaths = (
			);
			name = "[CP] Copy Pods Resources";
			outputPaths = (
			);
			runOnlyForDeploymentPostprocessing = 0;
			shellPath = /bin/sh;
			shellScript = "\"${SRCROOT}/Pods/Target Support Files/Pods-parseJson/Pods-parseJson-resources.sh\"\n";
			showEnvVarsInLog = 0;
		};
/* End PBXShellScriptBuildPhase section */

/* Begin PBXSourcesBuildPhase section */
		AE30E9531E93A8460033FF36 /* Sources */ = {
			isa = PBXSourcesBuildPhase;
			buildActionMask = 2147483647;
			files = (
				AE4CD2DF1E94D52500D1EC1E /* TableViewCell.swift in Sources */,
				AE4CD2DB1E948B7F00D1EC1E /* APIManager.swift in Sources */,
				AE6D1A921E9C96DD00711064 /* Kiyaku_Artist.swift in Sources */,
				AE6D1A961E9C99E000711064 /* List_Kiyaku.swift in Sources */,
				AE6D1A941E9C996E00711064 /* Kiyaku.swift in Sources */,
				AE30E95D1E93A8460033FF36 /* ViewController.swift in Sources */,
				AE6D1A901E9C95D800711064 /* List_Kiyaku_Artist.swift in Sources */,
				AE4CD2DD1E94973E00D1EC1E /* Artist.swift in Sources */,
				AE6D1A8E1E9B443000711064 /* ListArtist.swift in Sources */,
				AE30E95B1E93A8460033FF36 /* AppDelegate.swift in Sources */,
			);
			runOnlyForDeploymentPostprocessing = 0;
		};
/* End PBXSourcesBuildPhase section */

/* Begin PBXVariantGroup section */
		AE30E95E1E93A8460033FF36 /* Main.storyboard */ = {
			isa = PBXVariantGroup;
			children = (
				AE30E95F1E93A8460033FF36 /* Base */,
			);
			name = Main.storyboard;
			sourceTree = "<group>";
		};
		AE30E9631E93A8460033FF36 /* LaunchScreen.storyboard */ = {
			isa = PBXVariantGroup;
			children = (
				AE30E9641E93A8460033FF36 /* Base */,
			);
			name = LaunchScreen.storyboard;
			sourceTree = "<group>";
		};
/* End PBXVariantGroup section */

/* Begin XCBuildConfiguration section */
		AE30E9671E93A8460033FF36 /* Debug */ = {
			isa = XCBuildConfiguration;
			buildSettings = {
				ALWAYS_SEARCH_USER_PATHS = NO;
				CLANG_ANALYZER_NONNULL = YES;
				CLANG_ANALYZER_NUMBER_OBJECT_CONVERSION = YES_AGGRESSIVE;
				CLANG_CXX_LANGUAGE_STANDARD = "gnu++0x";
				CLANG_CXX_LIBRARY = "libc++";
				CLANG_ENABLE_MODULES = YES;
				CLANG_ENABLE_OBJC_ARC = YES;
				CLANG_WARN_BOOL_CONVERSION = YES;
				CLANG_WARN_CONSTANT_CONVERSION = YES;
				CLANG_WARN_DIRECT_OBJC_ISA_USAGE = YES_ERROR;
				CLANG_WARN_DOCUMENTATION_COMMENTS = YES;
				CLANG_WARN_EMPTY_BODY = YES;
				CLANG_WARN_ENUM_CONVERSION = YES;
				CLANG_WARN_INFINITE_RECURSION = YES;
				CLANG_WARN_INT_CONVERSION = YES;
				CLANG_WARN_OBJC_ROOT_CLASS = YES_ERROR;
				CLANG_WARN_SUSPICIOUS_MOVE = YES;
				CLANG_WARN_UNREACHABLE_CODE = YES;
				CLANG_WARN__DUPLICATE_METHOD_MATCH = YES;
				"CODE_SIGN_IDENTITY[sdk=iphoneos*]" = "iPhone Developer";
				COPY_PHASE_STRIP = NO;
				DEBUG_INFORMATION_FORMAT = dwarf;
				ENABLE_STRICT_OBJC_MSGSEND = YES;
				ENABLE_TESTABILITY = YES;
				GCC_C_LANGUAGE_STANDARD = gnu99;
				GCC_DYNAMIC_NO_PIC = NO;
				GCC_NO_COMMON_BLOCKS = YES;
				GCC_OPTIMIZATION_LEVEL = 0;
				GCC_PREPROCESSOR_DEFINITIONS = (
					"DEBUG=1",
					"$(inherited)",
				);
				GCC_WARN_64_TO_32_BIT_CONVERSION = YES;
				GCC_WARN_ABOUT_RETURN_TYPE = YES_ERROR;
				GCC_WARN_UNDECLARED_SELECTOR = YES;
				GCC_WARN_UNINITIALIZED_AUTOS = YES_AGGRESSIVE;
				GCC_WARN_UNUSED_FUNCTION = YES;
				GCC_WARN_UNUSED_VARIABLE = YES;
				IPHONEOS_DEPLOYMENT_TARGET = 10.3;
				MTL_ENABLE_DEBUG_INFO = YES;
				ONLY_ACTIVE_ARCH = YES;
				SDKROOT = iphoneos;
				SWIFT_ACTIVE_COMPILATION_CONDITIONS = DEBUG;
				SWIFT_OPTIMIZATION_LEVEL = "-Onone";
				TARGETED_DEVICE_FAMILY = "1,2";
			};
			name = Debug;
		};
		AE30E9681E93A8460033FF36 /* Release */ = {
			isa = XCBuildConfiguration;
			buildSettings = {
				ALWAYS_SEARCH_USER_PATHS = NO;
				CLANG_ANALYZER_NONNULL = YES;
				CLANG_ANALYZER_NUMBER_OBJECT_CONVERSION = YES_AGGRESSIVE;
				CLANG_CXX_LANGUAGE_STANDARD = "gnu++0x";
				CLANG_CXX_LIBRARY = "libc++";
				CLANG_ENABLE_MODULES = YES;
				CLANG_ENABLE_OBJC_ARC = YES;
				CLANG_WARN_BOOL_CONVERSION = YES;
				CLANG_WARN_CONSTANT_CONVERSION = YES;
				CLANG_WARN_DIRECT_OBJC_ISA_USAGE = YES_ERROR;
				CLANG_WARN_DOCUMENTATION_COMMENTS = YES;
				CLANG_WARN_EMPTY_BODY = YES;
				CLANG_WARN_ENUM_CONVERSION = YES;
				CLANG_WARN_INFINITE_RECURSION = YES;
				CLANG_WARN_INT_CONVERSION = YES;
				CLANG_WARN_OBJC_ROOT_CLASS = YES_ERROR;
				CLANG_WARN_SUSPICIOUS_MOVE = YES;
				CLANG_WARN_UNREACHABLE_CODE = YES;
				CLANG_WARN__DUPLICATE_METHOD_MATCH = YES;
				"CODE_SIGN_IDENTITY[sdk=iphoneos*]" = "iPhone Developer";
				COPY_PHASE_STRIP = NO;
				DEBUG_INFORMATION_FORMAT = "dwarf-with-dsym";
				ENABLE_NS_ASSERTIONS = NO;
				ENABLE_STRICT_OBJC_MSGSEND = YES;
				GCC_C_LANGUAGE_STANDARD = gnu99;
				GCC_NO_COMMON_BLOCKS = YES;
				GCC_WARN_64_TO_32_BIT_CONVERSION = YES;
				GCC_WARN_ABOUT_RETURN_TYPE = YES_ERROR;
				GCC_WARN_UNDECLARED_SELECTOR = YES;
				GCC_WARN_UNINITIALIZED_AUTOS = YES_AGGRESSIVE;
				GCC_WARN_UNUSED_FUNCTION = YES;
				GCC_WARN_UNUSED_VARIABLE = YES;
				IPHONEOS_DEPLOYMENT_TARGET = 10.3;
				MTL_ENABLE_DEBUG_INFO = NO;
				SDKROOT = iphoneos;
				SWIFT_OPTIMIZATION_LEVEL = "-Owholemodule";
				TARGETED_DEVICE_FAMILY = "1,2";
				VALIDATE_PRODUCT = YES;
			};
			name = Release;
		};
		AE30E96A1E93A8460033FF36 /* Debug */ = {
			isa = XCBuildConfiguration;
			baseConfigurationReference = C215DAE8AF08A526DCEE5E76 /* Pods-parseJson.debug.xcconfig */;
			buildSettings = {
				ASSETCATALOG_COMPILER_APPICON_NAME = AppIcon;
				DEVELOPMENT_TEAM = 5JR82ZDZUZ;
				INFOPLIST_FILE = parseJson/Info.plist;
				IPHONEOS_DEPLOYMENT_TARGET = 10.2;
				LD_RUNPATH_SEARCH_PATHS = "$(inherited) @executable_path/Frameworks";
				PRODUCT_BUNDLE_IDENTIFIER = ReaWonKim.parseJson;
				PRODUCT_NAME = "$(TARGET_NAME)";
				SWIFT_VERSION = 3.0;
			};
			name = Debug;
		};
		AE30E96B1E93A8460033FF36 /* Release */ = {
			isa = XCBuildConfiguration;
			baseConfigurationReference = B13907BE2942AA3FC08F2518 /* Pods-parseJson.release.xcconfig */;
			buildSettings = {
				ASSETCATALOG_COMPILER_APPICON_NAME = AppIcon;
				DEVELOPMENT_TEAM = 5JR82ZDZUZ;
				INFOPLIST_FILE = parseJson/Info.plist;
				IPHONEOS_DEPLOYMENT_TARGET = 10.2;
				LD_RUNPATH_SEARCH_PATHS = "$(inherited) @executable_path/Frameworks";
				PRODUCT_BUNDLE_IDENTIFIER = ReaWonKim.parseJson;
				PRODUCT_NAME = "$(TARGET_NAME)";
				SWIFT_VERSION = 3.0;
			};
			name = Release;
		};
/* End XCBuildConfiguration section */

/* Begin XCConfigurationList section */
		AE30E9521E93A8460033FF36 /* Build configuration list for PBXProject "parseJson" */ = {
			isa = XCConfigurationList;
			buildConfigurations = (
				AE30E9671E93A8460033FF36 /* Debug */,
				AE30E9681E93A8460033FF36 /* Release */,
			);
			defaultConfigurationIsVisible = 0;
			defaultConfigurationName = Release;
		};
		AE30E9691E93A8460033FF36 /* Build configuration list for PBXNativeTarget "parseJson" */ = {
			isa = XCConfigurationList;
			buildConfigurations = (
				AE30E96A1E93A8460033FF36 /* Debug */,
				AE30E96B1E93A8460033FF36 /* Release */,
			);
			defaultConfigurationIsVisible = 0;
			defaultConfigurationName = Release;
		};
/* End XCConfigurationList section */
	};
	rootObject = AE30E94F1E93A8460033FF36 /* Project object */;
}
